
Microsoft Visual Studio Solution File, Format Version 12.00
# Visual Studio Version 17
VisualStudioVersion = 17.3.32901.215
MinimumVisualStudioVersion = 10.0.40219.1
Project("{9A19103F-16F7-4668-BE54-9A1E7A4F7556}") = "NPPP", "NPPP\NPPP.csproj", "{D3A5FAE8-1A36-4A51-9287-5D334528AEAF}"
EndProject
Global
	GlobalSection(SolutionConfigurationPlatforms) = preSolution
		Debug|Any CPU = Debug|Any CPU
		Release|Any CPU = Release|Any CPU
	EndGlobalSection
	GlobalSection(ProjectConfigurationPlatforms) = postSolution
		{D3A5FAE8-1A36-4A51-9287-5D334528AEAF}.Debug|Any CPU.ActiveCfg = Debug|Any CPU
		{D3A5FAE8-1A36-4A51-9287-5D334528AEAF}.Debug|Any CPU.Build.0 = Debug|Any CPU
		{D3A5FAE8-1A36-4A51-9287-5D334528AEAF}.Release|Any CPU.ActiveCfg = Release|Any CPU
		{D3A5FAE8-1A36-4A51-9287-5D334528AEAF}.Release|Any CPU.Build.0 = Release|Any CPU
	EndGlobalSection
	GlobalSection(SolutionProperties) = preSolution
		HideSolutionNode = FALSE
	EndGlobalSection
	GlobalSection(ExtensibilityGlobals) = postSolution
		SolutionGuid = {A0140C56-6812-43CF-8154-5A2BC091A27B}
	EndGlobalSection
EndGlobal
